
Microsoft Visual Studio Solution File, Format Version 12.00
# Visual Studio Version 16
VisualStudioVersion = 16.0.33027.164
MinimumVisualStudioVersion = 10.0.40219.1
Project("{FAE04EC0-301F-11D3-BF4B-00C04F79EFBC}") = "WebApplication2", "WebApplication2.csproj", "{F583A511-245A-4AD6-BF80-C00B1BB6C751}"
EndProject
Global
	GlobalSection(SolutionConfigurationPlatforms) = preSolution
		Debug|Any CPU = Debug|Any CPU
		Release|Any CPU = Release|Any CPU
	EndGlobalSection
	GlobalSection(ProjectConfigurationPlatforms) = postSolution
		{F583A511-245A-4AD6-BF80-C00B1BB6C751}.Debug|Any CPU.ActiveCfg = Debug|Any CPU
		{F583A511-245A-4AD6-BF80-C00B1BB6C751}.Debug|Any CPU.Build.0 = Debug|Any CPU
		{F583A511-245A-4AD6-BF80-C00B1BB6C751}.Release|Any CPU.ActiveCfg = Release|Any CPU
		{F583A511-245A-4AD6-BF80-C00B1BB6C751}.Release|Any CPU.Build.0 = Release|Any CPU
	EndGlobalSection
	GlobalSection(SolutionProperties) = preSolution
		HideSolutionNode = FALSE
	EndGlobalSection
	GlobalSection(ExtensibilityGlobals) = postSolution
		SolutionGuid = {5D7EB6C2-1541-4EF0-A258-D731A8943848}
	EndGlobalSection
EndGlobal
